
Microsoft Visual Studio Solution File, Format Version 12.00
# Visual Studio Version 16
VisualStudioVersion = 16.0.29920.165
MinimumVisualStudioVersion = 10.0.40219.1
Project("{FAE04EC0-301F-11D3-BF4B-00C04F79EFBC}") = "ProjektProgramowanieObjektowe", "ProjektProgramowanieObjektowe\ProjektProgramowanieObjektowe.csproj", "{6C9AE58E-E663-4B81-9CFA-6AC54C1A1ABF}"
EndProject
Project("{FAE04EC0-301F-11D3-BF4B-00C04F79EFBC}") = "ProjektProgramowanieObiektowe.Tests", "ProjektProgramowanieObiektowe.Tests\ProjektProgramowanieObiektowe.Tests.csproj", "{995699F5-322B-4A0E-88D4-47650A9DA4FD}"
EndProject
Global
	GlobalSection(SolutionConfigurationPlatforms) = preSolution
		Debug|Any CPU = Debug|Any CPU
		Release|Any CPU = Release|Any CPU
	EndGlobalSection
	GlobalSection(ProjectConfigurationPlatforms) = postSolution
		{6C9AE58E-E663-4B81-9CFA-6AC54C1A1ABF}.Debug|Any CPU.ActiveCfg = Debug|Any CPU
		{6C9AE58E-E663-4B81-9CFA-6AC54C1A1ABF}.Debug|Any CPU.Build.0 = Debug|Any CPU
		{6C9AE58E-E663-4B81-9CFA-6AC54C1A1ABF}.Release|Any CPU.ActiveCfg = Release|Any CPU
		{6C9AE58E-E663-4B81-9CFA-6AC54C1A1ABF}.Release|Any CPU.Build.0 = Release|Any CPU
		{995699F5-322B-4A0E-88D4-47650A9DA4FD}.Debug|Any CPU.ActiveCfg = Debug|Any CPU
		{995699F5-322B-4A0E-88D4-47650A9DA4FD}.Debug|Any CPU.Build.0 = Debug|Any CPU
		{995699F5-322B-4A0E-88D4-47650A9DA4FD}.Release|Any CPU.ActiveCfg = Release|Any CPU
		{995699F5-322B-4A0E-88D4-47650A9DA4FD}.Release|Any CPU.Build.0 = Release|Any CPU
	EndGlobalSection
	GlobalSection(SolutionProperties) = preSolution
		HideSolutionNode = FALSE
	EndGlobalSection
	GlobalSection(ExtensibilityGlobals) = postSolution
		SolutionGuid = {AD55BDE0-59E1-4B0D-A78C-C45A0E6DBFDF}
	EndGlobalSection
EndGlobal
